
Microsoft Visual Studio Solution File, Format Version 12.00
# Visual Studio Express 15 for Windows Desktop
VisualStudioVersion = 15.0.28307.1401
MinimumVisualStudioVersion = 10.0.40219.1
Project("{FAE04EC0-301F-11D3-BF4B-00C04F79EFBC}") = "GestionCarreras", "GestionCarreras\GestionCarreras.csproj", "{23DF7978-EC60-47BA-9FC3-C116EE5AE846}"
EndProject
Global
	GlobalSection(SolutionConfigurationPlatforms) = preSolution
		Debug|Any CPU = Debug|Any CPU
		Release|Any CPU = Release|Any CPU
	EndGlobalSection
	GlobalSection(ProjectConfigurationPlatforms) = postSolution
		{23DF7978-EC60-47BA-9FC3-C116EE5AE846}.Debug|Any CPU.ActiveCfg = Debug|Any CPU
		{23DF7978-EC60-47BA-9FC3-C116EE5AE846}.Debug|Any CPU.Build.0 = Debug|Any CPU
		{23DF7978-EC60-47BA-9FC3-C116EE5AE846}.Release|Any CPU.ActiveCfg = Release|Any CPU
		{23DF7978-EC60-47BA-9FC3-C116EE5AE846}.Release|Any CPU.Build.0 = Release|Any CPU
	EndGlobalSection
	GlobalSection(SolutionProperties) = preSolution
		HideSolutionNode = FALSE
	EndGlobalSection
	GlobalSection(ExtensibilityGlobals) = postSolution
		SolutionGuid = {ECA131E5-F735-4094-A354-9831EB869D5A}
	EndGlobalSection
EndGlobal
